
Microsoft Visual Studio Solution File, Format Version 12.00
# Visual Studio Version 17
VisualStudioVersion = 17.0.31903.59
MinimumVisualStudioVersion = 10.0.40219.1
Project("{FAE04EC0-301F-11D3-BF4B-00C04F79EFBC}") = "MyApp", "MyApp\MyApp.csproj", "{A5F77EA2-491C-4CE2-8699-48DDC3430522}"
EndProject
Project("{FAE04EC0-301F-11D3-BF4B-00C04F79EFBC}") = "MyApp.Tests", "MyApp.Tests\MyApp.Tests.csproj", "{99442FEE-109A-4F20-A7C7-5F1271EEFAD2}"
EndProject
Global
	GlobalSection(SolutionConfigurationPlatforms) = preSolution
		Debug|Any CPU = Debug|Any CPU
		Release|Any CPU = Release|Any CPU
	EndGlobalSection
	GlobalSection(SolutionProperties) = preSolution
		HideSolutionNode = FALSE
	EndGlobalSection
	GlobalSection(ProjectConfigurationPlatforms) = postSolution
		{A5F77EA2-491C-4CE2-8699-48DDC3430522}.Debug|Any CPU.ActiveCfg = Debug|Any CPU
		{A5F77EA2-491C-4CE2-8699-48DDC3430522}.Debug|Any CPU.Build.0 = Debug|Any CPU
		{A5F77EA2-491C-4CE2-8699-48DDC3430522}.Release|Any CPU.ActiveCfg = Release|Any CPU
		{A5F77EA2-491C-4CE2-8699-48DDC3430522}.Release|Any CPU.Build.0 = Release|Any CPU
		{99442FEE-109A-4F20-A7C7-5F1271EEFAD2}.Debug|Any CPU.ActiveCfg = Debug|Any CPU
		{99442FEE-109A-4F20-A7C7-5F1271EEFAD2}.Debug|Any CPU.Build.0 = Debug|Any CPU
		{99442FEE-109A-4F20-A7C7-5F1271EEFAD2}.Release|Any CPU.ActiveCfg = Release|Any CPU
		{99442FEE-109A-4F20-A7C7-5F1271EEFAD2}.Release|Any CPU.Build.0 = Release|Any CPU
	EndGlobalSection
EndGlobal
